// !$*UTF8*$!
{
	archiveVersion = 1;
	classes = {
	};
	objectVersion = 56;
	objects = {

/* Begin PBXBuildFile section */
		54313ADD2BE89AE600283916 /* AppDelegate.swift in Sources */ = {isa = PBXBuildFile; fileRef = 54313ADC2BE89AE600283916 /* AppDelegate.swift */; };
		54313ADF2BE89AE600283916 /* SceneDelegate.swift in Sources */ = {isa = PBXBuildFile; fileRef = 54313ADE2BE89AE600283916 /* SceneDelegate.swift */; };
		54313AE12BE89AE600283916 /* ViewController.swift in Sources */ = {isa = PBXBuildFile; fileRef = 54313AE02BE89AE600283916 /* ViewController.swift */; };
		54313AE42BE89AE600283916 /* Base in Resources */ = {isa = PBXBuildFile; fileRef = 54313AE32BE89AE600283916 /* Base */; };
		54313AE72BE89AE600283916 /* NotesApp.xcdatamodeld in Sources */ = {isa = PBXBuildFile; fileRef = 54313AE52BE89AE600283916 /* NotesApp.xcdatamodeld */; };
		54313AE92BE89AE800283916 /* Assets.xcassets in Resources */ = {isa = PBXBuildFile; fileRef = 54313AE82BE89AE800283916 /* Assets.xcassets */; };
		54313AEC2BE89AE800283916 /* Base in Resources */ = {isa = PBXBuildFile; fileRef = 54313AEB2BE89AE800283916 /* Base */; };
		54313AF52BE89B8500283916 /* NotesData+CoreDataClass.swift in Sources */ = {isa = PBXBuildFile; fileRef = 54313AF32BE89B8500283916 /* NotesData+CoreDataClass.swift */; };
		54313AF62BE89B8500283916 /* NotesData+CoreDataProperties.swift in Sources */ = {isa = PBXBuildFile; fileRef = 54313AF42BE89B8500283916 /* NotesData+CoreDataProperties.swift */; };
		54313AF82BE89D1C00283916 /* NoteManager.swift in Sources */ = {isa = PBXBuildFile; fileRef = 54313AF72BE89D1C00283916 /* NoteManager.swift */; };
		54313AFB2BE8A07900283916 /* NotesTableViewCell.xib in Resources */ = {isa = PBXBuildFile; fileRef = 54313AFA2BE8A07900283916 /* NotesTableViewCell.xib */; };
		54313AFC2BE8A07900283916 /* NotesTableViewCell.swift in Sources */ = {isa = PBXBuildFile; fileRef = 54313AF92BE8A07900283916 /* NotesTableViewCell.swift */; };
		54DD92F52BE8BC1E00AE9DCA /* NotesViewController.swift in Sources */ = {isa = PBXBuildFile; fileRef = 54DD92F42BE8BC1E00AE9DCA /* NotesViewController.swift */; };
/* End PBXBuildFile section */

/* Begin PBXFileReference section */
		54313AD92BE89AE600283916 /* NotesApp.app */ = {isa = PBXFileReference; explicitFileType = wrapper.application; includeInIndex = 0; path = NotesApp.app; sourceTree = BUILT_PRODUCTS_DIR; };
		54313ADC2BE89AE600283916 /* AppDelegate.swift */ = {isa = PBXFileReference; lastKnownFileType = sourcecode.swift; path = AppDelegate.swift; sourceTree = "<group>"; };
		54313ADE2BE89AE600283916 /* SceneDelegate.swift */ = {isa = PBXFileReference; lastKnownFileType = sourcecode.swift; path = SceneDelegate.swift; sourceTree = "<group>"; };
		54313AE02BE89AE600283916 /* ViewController.swift */ = {isa = PBXFileReference; lastKnownFileType = sourcecode.swift; path = ViewController.swift; sourceTree = "<group>"; };
		54313AE32BE89AE600283916 /* Base */ = {isa = PBXFileReference; lastKnownFileType = file.storyboard; name = Base; path = Base.lproj/Main.storyboard; sourceTree = "<group>"; };
		54313AE62BE89AE600283916 /* NotesApp.xcdatamodel */ = {isa = PBXFileReference; lastKnownFileType = wrapper.xcdatamodel; path = NotesApp.xcdatamodel; sourceTree = "<group>"; };
		54313AE82BE89AE800283916 /* Assets.xcassets */ = {isa = PBXFileReference; lastKnownFileType = folder.assetcatalog; path = Assets.xcassets; sourceTree = "<group>"; };
		54313AEB2BE89AE800283916 /* Base */ = {isa = PBXFileReference; lastKnownFileType = file.storyboard; name = Base; path = Base.lproj/LaunchScreen.storyboard; sourceTree = "<group>"; };
		54313AED2BE89AE800283916 /* Info.plist */ = {isa = PBXFileReference; lastKnownFileType = text.plist.xml; path = Info.plist; sourceTree = "<group>"; };
		54313AF32BE89B8500283916 /* NotesData+CoreDataClass.swift */ = {isa = PBXFileReference; lastKnownFileType = sourcecode.swift; path = "NotesData+CoreDataClass.swift"; sourceTree = "<group>"; };
		54313AF42BE89B8500283916 /* NotesData+CoreDataProperties.swift */ = {isa = PBXFileReference; lastKnownFileType = sourcecode.swift; path = "NotesData+CoreDataProperties.swift"; sourceTree = "<group>"; };
		54313AF72BE89D1C00283916 /* NoteManager.swift */ = {isa = PBXFileReference; lastKnownFileType = sourcecode.swift; path = NoteManager.swift; sourceTree = "<group>"; };
		54313AF92BE8A07900283916 /* NotesTableViewCell.swift */ = {isa = PBXFileReference; lastKnownFileType = sourcecode.swift; path = NotesTableViewCell.swift; sourceTree = "<group>"; };
		54313AFA2BE8A07900283916 /* NotesTableViewCell.xib */ = {isa = PBXFileReference; lastKnownFileType = file.xib; path = NotesTableViewCell.xib; sourceTree = "<group>"; };
		54DD92F42BE8BC1E00AE9DCA /* NotesViewController.swift */ = {isa = PBXFileReference; lastKnownFileType = sourcecode.swift; path = NotesViewController.swift; sourceTree = "<group>"; };
/* End PBXFileReference section */

/* Begin PBXFrameworksBuildPhase section */
		54313AD62BE89AE600283916 /* Frameworks */ = {
			isa = PBXFrameworksBuildPhase;
			buildActionMask = 2147483647;
			files = (
			);
			runOnlyForDeploymentPostprocessing = 0;
		};
/* End PBXFrameworksBuildPhase section */

/* Begin PBXGroup section */
		54313AD02BE89AE600283916 = {
			isa = PBXGroup;
			children = (
				54313ADB2BE89AE600283916 /* NotesApp */,
				54313ADA2BE89AE600283916 /* Products */,
			);
			sourceTree = "<group>";
		};
		54313ADA2BE89AE600283916 /* Products */ = {
			isa = PBXGroup;
			children = (
				54313AD92BE89AE600283916 /* NotesApp.app */,
			);
			name = Products;
			sourceTree = "<group>";
		};
		54313ADB2BE89AE600283916 /* NotesApp */ = {
			isa = PBXGroup;
			children = (
				54313ADC2BE89AE600283916 /* AppDelegate.swift */,
				54313AF42BE89B8500283916 /* NotesData+CoreDataProperties.swift */,
				54313AF32BE89B8500283916 /* NotesData+CoreDataClass.swift */,
				54313ADE2BE89AE600283916 /* SceneDelegate.swift */,
				54313AE02BE89AE600283916 /* ViewController.swift */,
				54313AF72BE89D1C00283916 /* NoteManager.swift */,
				54313AE22BE89AE600283916 /* Main.storyboard */,
				54313AE82BE89AE800283916 /* Assets.xcassets */,
				54313AEA2BE89AE800283916 /* LaunchScreen.storyboard */,
				54313AED2BE89AE800283916 /* Info.plist */,
				54313AE52BE89AE600283916 /* NotesApp.xcdatamodeld */,
				54313AF92BE8A07900283916 /* NotesTableViewCell.swift */,
				54313AFA2BE8A07900283916 /* NotesTableViewCell.xib */,
				54DD92F42BE8BC1E00AE9DCA /* NotesViewController.swift */,
			);
			path = NotesApp;
			sourceTree = "<group>";
		};
/* End PBXGroup section */

/* Begin PBXNativeTarget section */
		54313AD82BE89AE600283916 /* NotesApp */ = {
			isa = PBXNativeTarget;
			buildConfigurationList = 54313AF02BE89AE800283916 /* Build configuration list for PBXNativeTarget "NotesApp" */;
			buildPhases = (
				54313AD52BE89AE600283916 /* Sources */,
				54313AD62BE89AE600283916 /* Frameworks */,
				54313AD72BE89AE600283916 /* Resources */,
			);
			buildRules = (
			);
			dependencies = (
			);
			name = NotesApp;
			productName = NotesApp;
			productReference = 54313AD92BE89AE600283916 /* NotesApp.app */;
			productType = "com.apple.product-type.application";
		};
/* End PBXNativeTarget section */

/* Begin PBXProject section */
		54313AD12BE89AE600283916 /* Project object */ = {
			isa = PBXProject;
			attributes = {
				BuildIndependentTargetsInParallel = 1;
				LastSwiftUpdateCheck = 1530;
				LastUpgradeCheck = 1530;
				TargetAttributes = {
					54313AD82BE89AE600283916 = {
						CreatedOnToolsVersion = 15.3;
					};
				};
			};
			buildConfigurationList = 54313AD42BE89AE600283916 /* Build configuration list for PBXProject "NotesApp" */;
			compatibilityVersion = "Xcode 14.0";
			developmentRegion = en;
			hasScannedForEncodings = 0;
			knownRegions = (
				en,
				Base,
			);
			mainGroup = 54313AD02BE89AE600283916;
			productRefGroup = 54313ADA2BE89AE600283916 /* Products */;
			projectDirPath = "";
			projectRoot = "";
			targets = (
				54313AD82BE89AE600283916 /* NotesApp */,
			);
		};
/* End PBXProject section */

/* Begin PBXResourcesBuildPhase section */
		54313AD72BE89AE600283916 /* Resources */ = {
			isa = PBXResourcesBuildPhase;
			buildActionMask = 2147483647;
			files = (
				54313AE92BE89AE800283916 /* Assets.xcassets in Resources */,
				54313AEC2BE89AE800283916 /* Base in Resources */,
				54313AE42BE89AE600283916 /* Base in Resources */,
				54313AFB2BE8A07900283916 /* NotesTableViewCell.xib in Resources */,
			);
			runOnlyForDeploymentPostprocessing = 0;
		};
/* End PBXResourcesBuildPhase section */

/* Begin PBXSourcesBuildPhase section */
		54313AD52BE89AE600283916 /* Sources */ = {
			isa = PBXSourcesBuildPhase;
			buildActionMask = 2147483647;
			files = (
				54313AE12BE89AE600283916 /* ViewController.swift in Sources */,
				54313ADD2BE89AE600283916 /* AppDelegate.swift in Sources */,
				54313AF82BE89D1C00283916 /* NoteManager.swift in Sources */,
				54313AF52BE89B8500283916 /* NotesData+CoreDataClass.swift in Sources */,
				54313AF62BE89B8500283916 /* NotesData+CoreDataProperties.swift in Sources */,
				54DD92F52BE8BC1E00AE9DCA /* NotesViewController.swift in Sources */,
				54313ADF2BE89AE600283916 /* SceneDelegate.swift in Sources */,
				54313AE72BE89AE600283916 /* NotesApp.xcdatamodeld in Sources */,
				54313AFC2BE8A07900283916 /* NotesTableViewCell.swift in Sources */,
			);
			runOnlyForDeploymentPostprocessing = 0;
		};
/* End PBXSourcesBuildPhase section */

/* Begin PBXVariantGroup section */
		54313AE22BE89AE600283916 /* Main.storyboard */ = {
			isa = PBXVariantGroup;
			children = (
				54313AE32BE89AE600283916 /* Base */,
			);
			name = Main.storyboard;
			sourceTree = "<group>";
		};
		54313AEA2BE89AE800283916 /* LaunchScreen.storyboard */ = {
			isa = PBXVariantGroup;
			children = (
				54313AEB2BE89AE800283916 /* Base */,
			);
			name = LaunchScreen.storyboard;
			sourceTree = "<group>";
		};
/* End PBXVariantGroup section */

/* Begin XCBuildConfiguration section */
		54313AEE2BE89AE800283916 /* Debug */ = {
			isa = XCBuildConfiguration;
			buildSettings = {
				ALWAYS_SEARCH_USER_PATHS = NO;
				ASSETCATALOG_COMPILER_GENERATE_SWIFT_ASSET_SYMBOL_EXTENSIONS = YES;
				CLANG_ANALYZER_NONNULL = YES;
				CLANG_ANALYZER_NUMBER_OBJECT_CONVERSION = YES_AGGRESSIVE;
				CLANG_CXX_LANGUAGE_STANDARD = "gnu++20";
				CLANG_ENABLE_MODULES = YES;
				CLANG_ENABLE_OBJC_ARC = YES;
				CLANG_ENABLE_OBJC_WEAK = YES;
				CLANG_WARN_BLOCK_CAPTURE_AUTORELEASING = YES;
				CLANG_WARN_BOOL_CONVERSION = YES;
				CLANG_WARN_COMMA = YES;
				CLANG_WARN_CONSTANT_CONVERSION = YES;
				CLANG_WARN_DEPRECATED_OBJC_IMPLEMENTATIONS = YES;
				CLANG_WARN_DIRECT_OBJC_ISA_USAGE = YES_ERROR;
				CLANG_WARN_DOCUMENTATION_COMMENTS = YES;
				CLANG_WARN_EMPTY_BODY = YES;
				CLANG_WARN_ENUM_CONVERSION = YES;
				CLANG_WARN_INFINITE_RECURSION = YES;
				CLANG_WARN_INT_CONVERSION = YES;
				CLANG_WARN_NON_LITERAL_NULL_CONVERSION = YES;
				CLANG_WARN_OBJC_IMPLICIT_RETAIN_SELF = YES;
				CLANG_WARN_OBJC_LITERAL_CONVERSION = YES;
				CLANG_WARN_OBJC_ROOT_CLASS = YES_ERROR;
				CLANG_WARN_QUOTED_INCLUDE_IN_FRAMEWORK_HEADER = YES;
				CLANG_WARN_RANGE_LOOP_ANALYSIS = YES;
				CLANG_WARN_STRICT_PROTOTYPES = YES;
				CLANG_WARN_SUSPICIOUS_MOVE = YES;
				CLANG_WARN_UNGUARDED_AVAILABILITY = YES_AGGRESSIVE;
				CLANG_WARN_UNREACHABLE_CODE = YES;
				CLANG_WARN__DUPLICATE_METHOD_MATCH = YES;
				COPY_PHASE_STRIP = NO;
				DEBUG_INFORMATION_FORMAT = dwarf;
				ENABLE_STRICT_OBJC_MSGSEND = YES;
				ENABLE_TESTABILITY = YES;
				ENABLE_USER_SCRIPT_SANDBOXING = YES;
				GCC_C_LANGUAGE_STANDARD = gnu17;
				GCC_DYNAMIC_NO_PIC = NO;
				GCC_NO_COMMON_BLOCKS = YES;
				GCC_OPTIMIZATION_LEVEL = 0;
				GCC_PREPROCESSOR_DEFINITIONS = (
					"DEBUG=1",
					"$(inherited)",
				);
				GCC_WARN_64_TO_32_BIT_CONVERSION = YES;
				GCC_WARN_ABOUT_RETURN_TYPE = YES_ERROR;
				GCC_WARN_UNDECLARED_SELECTOR = YES;
				GCC_WARN_UNINITIALIZED_AUTOS = YES_AGGRESSIVE;
				GCC_WARN_UNUSED_FUNCTION = YES;
				GCC_WARN_UNUSED_VARIABLE = YES;
				IPHONEOS_DEPLOYMENT_TARGET = 13.0;
				LOCALIZATION_PREFERS_STRING_CATALOGS = YES;
				MTL_ENABLE_DEBUG_INFO = INCLUDE_SOURCE;
				MTL_FAST_MATH = YES;
				ONLY_ACTIVE_ARCH = YES;
				SDKROOT = iphoneos;
				SWIFT_ACTIVE_COMPILATION_CONDITIONS = "DEBUG $(inherited)";
				SWIFT_OPTIMIZATION_LEVEL = "-Onone";
			};
			name = Debug;
		};
		54313AEF2BE89AE800283916 /* Release */ = {
			isa = XCBuildConfiguration;
			buildSettings = {
				ALWAYS_SEARCH_USER_PATHS = NO;
				ASSETCATALOG_COMPILER_GENERATE_SWIFT_ASSET_SYMBOL_EXTENSIONS = YES;
				CLANG_ANALYZER_NONNULL = YES;
				CLANG_ANALYZER_NUMBER_OBJECT_CONVERSION = YES_AGGRESSIVE;
				CLANG_CXX_LANGUAGE_STANDARD = "gnu++20";
				CLANG_ENABLE_MODULES = YES;
				CLANG_ENABLE_OBJC_ARC = YES;
				CLANG_ENABLE_OBJC_WEAK = YES;
				CLANG_WARN_BLOCK_CAPTURE_AUTORELEASING = YES;
				CLANG_WARN_BOOL_CONVERSION = YES;
				CLANG_WARN_COMMA = YES;
				CLANG_WARN_CONSTANT_CONVERSION = YES;
				CLANG_WARN_DEPRECATED_OBJC_IMPLEMENTATIONS = YES;
				CLANG_WARN_DIRECT_OBJC_ISA_USAGE = YES_ERROR;
				CLANG_WARN_DOCUMENTATION_COMMENTS = YES;
				CLANG_WARN_EMPTY_BODY = YES;
				CLANG_WARN_ENUM_CONVERSION = YES;
				CLANG_WARN_INFINITE_RECURSION = YES;
				CLANG_WARN_INT_CONVERSION = YES;
				CLANG_WARN_NON_LITERAL_NULL_CONVERSION = YES;
				CLANG_WARN_OBJC_IMPLICIT_RETAIN_SELF = YES;
				CLANG_WARN_OBJC_LITERAL_CONVERSION = YES;
				CLANG_WARN_OBJC_ROOT_CLASS = YES_ERROR;
				CLANG_WARN_QUOTED_INCLUDE_IN_FRAMEWORK_HEADER = YES;
				CLANG_WARN_RANGE_LOOP_ANALYSIS = YES;
				CLANG_WARN_STRICT_PROTOTYPES = YES;
				CLANG_WARN_SUSPICIOUS_MOVE = YES;
				CLANG_WARN_UNGUARDED_AVAILABILITY = YES_AGGRESSIVE;
				CLANG_WARN_UNREACHABLE_CODE = YES;
				CLANG_WARN__DUPLICATE_METHOD_MATCH = YES;
				COPY_PHASE_STRIP = NO;
				DEBUG_INFORMATION_FORMAT = "dwarf-with-dsym";
				ENABLE_NS_ASSERTIONS = NO;
				ENABLE_STRICT_OBJC_MSGSEND = YES;
				ENABLE_USER_SCRIPT_SANDBOXING = YES;
				GCC_C_LANGUAGE_STANDARD = gnu17;
				GCC_NO_COMMON_BLOCKS = YES;
				GCC_WARN_64_TO_32_BIT_CONVERSION = YES;
				GCC_WARN_ABOUT_RETURN_TYPE = YES_ERROR;
				GCC_WARN_UNDECLARED_SELECTOR = YES;
				GCC_WARN_UNINITIALIZED_AUTOS = YES_AGGRESSIVE;
				GCC_WARN_UNUSED_FUNCTION = YES;
				GCC_WARN_UNUSED_VARIABLE = YES;
				IPHONEOS_DEPLOYMENT_TARGET = 13.0;
				LOCALIZATION_PREFERS_STRING_CATALOGS = YES;
				MTL_ENABLE_DEBUG_INFO = NO;
				MTL_FAST_MATH = YES;
				SDKROOT = iphoneos;
				SWIFT_COMPILATION_MODE = wholemodule;
				VALIDATE_PRODUCT = YES;
			};
			name = Release;
		};
		54313AF12BE89AE800283916 /* Debug */ = {
			isa = XCBuildConfiguration;
			buildSettings = {
				ASSETCATALOG_COMPILER_APPICON_NAME = AppIcon;
				ASSETCATALOG_COMPILER_GLOBAL_ACCENT_COLOR_NAME = AccentColor;
				CODE_SIGN_STYLE = Automatic;
				CURRENT_PROJECT_VERSION = 1;
				DEVELOPMENT_TEAM = ANCZ566948;
				GENERATE_INFOPLIST_FILE = YES;
				INFOPLIST_FILE = NotesApp/Info.plist;
				INFOPLIST_KEY_UIApplicationSupportsIndirectInputEvents = YES;
				INFOPLIST_KEY_UILaunchStoryboardName = LaunchScreen;
				INFOPLIST_KEY_UIMainStoryboardFile = Main;
				INFOPLIST_KEY_UISupportedInterfaceOrientations_iPad = "UIInterfaceOrientationPortrait UIInterfaceOrientationPortraitUpsideDown UIInterfaceOrientationLandscapeLeft UIInterfaceOrientationLandscapeRight";
				INFOPLIST_KEY_UISupportedInterfaceOrientations_iPhone = "UIInterfaceOrientationPortrait UIInterfaceOrientationLandscapeLeft UIInterfaceOrientationLandscapeRight";
				LD_RUNPATH_SEARCH_PATHS = (
					"$(inherited)",
					"@executable_path/Frameworks",
				);
				MARKETING_VERSION = 1.0;
				PRODUCT_BUNDLE_IDENTIFIER = com.atul.NotesApp;
				PRODUCT_NAME = "$(TARGET_NAME)";
				SWIFT_EMIT_LOC_STRINGS = YES;
				SWIFT_VERSION = 5.0;
				TARGETED_DEVICE_FAMILY = "1,2";
			};
			name = Debug;
		};
		54313AF22BE89AE800283916 /* Release */ = {
			isa = XCBuildConfiguration;
			buildSettings = {
				ASSETCATALOG_COMPILER_APPICON_NAME = AppIcon;
				ASSETCATALOG_COMPILER_GLOBAL_ACCENT_COLOR_NAME = AccentColor;
				CODE_SIGN_STYLE = Automatic;
				CURRENT_PROJECT_VERSION = 1;
				DEVELOPMENT_TEAM = ANCZ566948;
				GENERATE_INFOPLIST_FILE = YES;
				INFOPLIST_FILE = NotesApp/Info.plist;
				INFOPLIST_KEY_UIApplicationSupportsIndirectInputEvents = YES;
				INFOPLIST_KEY_UILaunchStoryboardName = LaunchScreen;
				INFOPLIST_KEY_UIMainStoryboardFile = Main;
				INFOPLIST_KEY_UISupportedInterfaceOrientations_iPad = "UIInterfaceOrientationPortrait UIInterfaceOrientationPortraitUpsideDown UIInterfaceOrientationLandscapeLeft UIInterfaceOrientationLandscapeRight";
				INFOPLIST_KEY_UISupportedInterfaceOrientations_iPhone = "UIInterfaceOrientationPortrait UIInterfaceOrientationLandscapeLeft UIInterfaceOrientationLandscapeRight";
				LD_RUNPATH_SEARCH_PATHS = (
					"$(inherited)",
					"@executable_path/Frameworks",
				);
				MARKETING_VERSION = 1.0;
				PRODUCT_BUNDLE_IDENTIFIER = com.atul.NotesApp;
				PRODUCT_NAME = "$(TARGET_NAME)";
				SWIFT_EMIT_LOC_STRINGS = YES;
				SWIFT_VERSION = 5.0;
				TARGETED_DEVICE_FAMILY = "1,2";
			};
			name = Release;
		};
/* End XCBuildConfiguration section */

/* Begin XCConfigurationList section */
		54313AD42BE89AE600283916 /* Build configuration list for PBXProject "NotesApp" */ = {
			isa = XCConfigurationList;
			buildConfigurations = (
				54313AEE2BE89AE800283916 /* Debug */,
				54313AEF2BE89AE800283916 /* Release */,
			);
			defaultConfigurationIsVisible = 0;
			defaultConfigurationName = Release;
		};
		54313AF02BE89AE800283916 /* Build configuration list for PBXNativeTarget "NotesApp" */ = {
			isa = XCConfigurationList;
			buildConfigurations = (
				54313AF12BE89AE800283916 /* Debug */,
				54313AF22BE89AE800283916 /* Release */,
			);
			defaultConfigurationIsVisible = 0;
			defaultConfigurationName = Release;
		};
/* End XCConfigurationList section */

/* Begin XCVersionGroup section */
		54313AE52BE89AE600283916 /* NotesApp.xcdatamodeld */ = {
			isa = XCVersionGroup;
			children = (
				54313AE62BE89AE600283916 /* NotesApp.xcdatamodel */,
			);
			currentVersion = 54313AE62BE89AE600283916 /* NotesApp.xcdatamodel */;
			path = NotesApp.xcdatamodeld;
			sourceTree = "<group>";
			versionGroupType = wrapper.xcdatamodel;
		};
/* End XCVersionGroup section */
	};
	rootObject = 54313AD12BE89AE600283916 /* Project object */;
}
